
Microsoft Visual Studio Solution File, Format Version 12.00
# Visual Studio Version 17
VisualStudioVersion = 17.3.32825.248
MinimumVisualStudioVersion = 10.0.40219.1
Project("{2150E333-8FDC-42A3-9474-1A3956D46DE8}") = "src", "src", "{78A8E930-39F9-487A-AA51-A0FF3ADA9533}"
EndProject
Project("{2150E333-8FDC-42A3-9474-1A3956D46DE8}") = "tests", "tests", "{94F3A073-BEFA-4FCC-AC34-7A34EF2A3B71}"
EndProject
Project("{2150E333-8FDC-42A3-9474-1A3956D46DE8}") = "Solution Items", "Solution Items", "{2466FB86-853D-47BF-9814-07FF612EFA63}"
	ProjectSection(SolutionItems) = preProject
		.editorconfig = .editorconfig
		.gitignore = .gitignore
	EndProjectSection
EndProject
Project("{9A19103F-16F7-4668-BE54-9A1E7A4F7556}") = "RestApi.Domain", "src\RestApi.Domain\RestApi.Domain.csproj", "{9EEE499D-2331-449F-B55B-BC04C2EE944B}"
EndProject
Project("{9A19103F-16F7-4668-BE54-9A1E7A4F7556}") = "RestApi.Application", "src\RestApi.Application\RestApi.Application.csproj", "{9733DB4D-210E-4755-882B-040F80C3341E}"
EndProject
Project("{9A19103F-16F7-4668-BE54-9A1E7A4F7556}") = "RestApi.Infra", "src\RestApi.Infra\RestApi.Infra.csproj", "{922C5693-7BA3-4C6D-AAE7-5396008A025A}"
EndProject
Project("{9A19103F-16F7-4668-BE54-9A1E7A4F7556}") = "RestApi", "src\RestApi\RestApi.csproj", "{6A89590B-0EF4-4088-A15A-00DBADE46B96}"
EndProject
Project("{9A19103F-16F7-4668-BE54-9A1E7A4F7556}") = "RestApi.Application.Tests", "tests\RestApi.Application.Tests\RestApi.Application.Tests.csproj", "{C840ECED-54D4-4FFA-9B0B-A30BBDD63A06}"
EndProject
Project("{9A19103F-16F7-4668-BE54-9A1E7A4F7556}") = "RestApi.Domain.Tests", "tests\RestApi.Domain.Tests\RestApi.Domain.Tests.csproj", "{B7E35D46-C6CC-49CB-A986-CB60940D1F44}"
EndProject
Global
	GlobalSection(SolutionConfigurationPlatforms) = preSolution
		Debug|Any CPU = Debug|Any CPU
		Release|Any CPU = Release|Any CPU
	EndGlobalSection
	GlobalSection(ProjectConfigurationPlatforms) = postSolution
		{9EEE499D-2331-449F-B55B-BC04C2EE944B}.Debug|Any CPU.ActiveCfg = Debug|Any CPU
		{9EEE499D-2331-449F-B55B-BC04C2EE944B}.Debug|Any CPU.Build.0 = Debug|Any CPU
		{9EEE499D-2331-449F-B55B-BC04C2EE944B}.Release|Any CPU.ActiveCfg = Release|Any CPU
		{9EEE499D-2331-449F-B55B-BC04C2EE944B}.Release|Any CPU.Build.0 = Release|Any CPU
		{9733DB4D-210E-4755-882B-040F80C3341E}.Debug|Any CPU.ActiveCfg = Debug|Any CPU
		{9733DB4D-210E-4755-882B-040F80C3341E}.Debug|Any CPU.Build.0 = Debug|Any CPU
		{9733DB4D-210E-4755-882B-040F80C3341E}.Release|Any CPU.ActiveCfg = Release|Any CPU
		{9733DB4D-210E-4755-882B-040F80C3341E}.Release|Any CPU.Build.0 = Release|Any CPU
		{922C5693-7BA3-4C6D-AAE7-5396008A025A}.Debug|Any CPU.ActiveCfg = Debug|Any CPU
		{922C5693-7BA3-4C6D-AAE7-5396008A025A}.Debug|Any CPU.Build.0 = Debug|Any CPU
		{922C5693-7BA3-4C6D-AAE7-5396008A025A}.Release|Any CPU.ActiveCfg = Release|Any CPU
		{922C5693-7BA3-4C6D-AAE7-5396008A025A}.Release|Any CPU.Build.0 = Release|Any CPU
		{6A89590B-0EF4-4088-A15A-00DBADE46B96}.Debug|Any CPU.ActiveCfg = Debug|Any CPU
		{6A89590B-0EF4-4088-A15A-00DBADE46B96}.Debug|Any CPU.Build.0 = Debug|Any CPU
		{6A89590B-0EF4-4088-A15A-00DBADE46B96}.Release|Any CPU.ActiveCfg = Release|Any CPU
		{6A89590B-0EF4-4088-A15A-00DBADE46B96}.Release|Any CPU.Build.0 = Release|Any CPU
		{C840ECED-54D4-4FFA-9B0B-A30BBDD63A06}.Debug|Any CPU.ActiveCfg = Debug|Any CPU
		{C840ECED-54D4-4FFA-9B0B-A30BBDD63A06}.Debug|Any CPU.Build.0 = Debug|Any CPU
		{C840ECED-54D4-4FFA-9B0B-A30BBDD63A06}.Release|Any CPU.ActiveCfg = Release|Any CPU
		{C840ECED-54D4-4FFA-9B0B-A30BBDD63A06}.Release|Any CPU.Build.0 = Release|Any CPU
		{B7E35D46-C6CC-49CB-A986-CB60940D1F44}.Debug|Any CPU.ActiveCfg = Debug|Any CPU
		{B7E35D46-C6CC-49CB-A986-CB60940D1F44}.Debug|Any CPU.Build.0 = Debug|Any CPU
		{B7E35D46-C6CC-49CB-A986-CB60940D1F44}.Release|Any CPU.ActiveCfg = Release|Any CPU
		{B7E35D46-C6CC-49CB-A986-CB60940D1F44}.Release|Any CPU.Build.0 = Release|Any CPU
	EndGlobalSection
	GlobalSection(SolutionProperties) = preSolution
		HideSolutionNode = FALSE
	EndGlobalSection
	GlobalSection(NestedProjects) = preSolution
		{9EEE499D-2331-449F-B55B-BC04C2EE944B} = {78A8E930-39F9-487A-AA51-A0FF3ADA9533}
		{9733DB4D-210E-4755-882B-040F80C3341E} = {78A8E930-39F9-487A-AA51-A0FF3ADA9533}
		{922C5693-7BA3-4C6D-AAE7-5396008A025A} = {78A8E930-39F9-487A-AA51-A0FF3ADA9533}
		{6A89590B-0EF4-4088-A15A-00DBADE46B96} = {78A8E930-39F9-487A-AA51-A0FF3ADA9533}
		{C840ECED-54D4-4FFA-9B0B-A30BBDD63A06} = {94F3A073-BEFA-4FCC-AC34-7A34EF2A3B71}
		{B7E35D46-C6CC-49CB-A986-CB60940D1F44} = {94F3A073-BEFA-4FCC-AC34-7A34EF2A3B71}
	EndGlobalSection
	GlobalSection(ExtensibilityGlobals) = postSolution
		SolutionGuid = {B2ECA93F-F1B8-43EB-8D7B-74B3E1D5EF31}
	EndGlobalSection
EndGlobal
